
Microsoft Visual Studio Solution File, Format Version 12.00
# Visual Studio Version 17
VisualStudioVersion = 17.5.2.0
MinimumVisualStudioVersion = 10.0.40219.1
Project("{FAE04EC0-301F-11D3-BF4B-00C04F79EFBC}") = "WebServerFinalProject", "WebServerFinalProject.csproj", "{82EF4371-778B-C955-2CEB-81C8D2C5C6A2}"
EndProject
Global
	GlobalSection(SolutionConfigurationPlatforms) = preSolution
		Debug|Any CPU = Debug|Any CPU
		Debug|x64 = Debug|x64
		Debug|x86 = Debug|x86
		Release|Any CPU = Release|Any CPU
		Release|x64 = Release|x64
		Release|x86 = Release|x86
	EndGlobalSection
	GlobalSection(ProjectConfigurationPlatforms) = postSolution
		{82EF4371-778B-C955-2CEB-81C8D2C5C6A2}.Debug|Any CPU.ActiveCfg = Debug|Any CPU
		{82EF4371-778B-C955-2CEB-81C8D2C5C6A2}.Debug|Any CPU.Build.0 = Debug|Any CPU
		{82EF4371-778B-C955-2CEB-81C8D2C5C6A2}.Debug|x64.ActiveCfg = Debug|Any CPU
		{82EF4371-778B-C955-2CEB-81C8D2C5C6A2}.Debug|x64.Build.0 = Debug|Any CPU
		{82EF4371-778B-C955-2CEB-81C8D2C5C6A2}.Debug|x86.ActiveCfg = Debug|Any CPU
		{82EF4371-778B-C955-2CEB-81C8D2C5C6A2}.Debug|x86.Build.0 = Debug|Any CPU
		{82EF4371-778B-C955-2CEB-81C8D2C5C6A2}.Release|Any CPU.ActiveCfg = Release|Any CPU
		{82EF4371-778B-C955-2CEB-81C8D2C5C6A2}.Release|Any CPU.Build.0 = Release|Any CPU
		{82EF4371-778B-C955-2CEB-81C8D2C5C6A2}.Release|x64.ActiveCfg = Release|Any CPU
		{82EF4371-778B-C955-2CEB-81C8D2C5C6A2}.Release|x64.Build.0 = Release|Any CPU
		{82EF4371-778B-C955-2CEB-81C8D2C5C6A2}.Release|x86.ActiveCfg = Release|Any CPU
		{82EF4371-778B-C955-2CEB-81C8D2C5C6A2}.Release|x86.Build.0 = Release|Any CPU
		{5AFC67D2-8C2C-4435-A6BD-0FFB5C2A21C7}.Debug|Any CPU.ActiveCfg = Debug|Any CPU
		{5AFC67D2-8C2C-4435-A6BD-0FFB5C2A21C7}.Debug|Any CPU.Build.0 = Debug|Any CPU
		{5AFC67D2-8C2C-4435-A6BD-0FFB5C2A21C7}.Debug|x64.ActiveCfg = Debug|Any CPU
		{5AFC67D2-8C2C-4435-A6BD-0FFB5C2A21C7}.Debug|x64.Build.0 = Debug|Any CPU
		{5AFC67D2-8C2C-4435-A6BD-0FFB5C2A21C7}.Debug|x86.ActiveCfg = Debug|Any CPU
		{5AFC67D2-8C2C-4435-A6BD-0FFB5C2A21C7}.Debug|x86.Build.0 = Debug|Any CPU
		{5AFC67D2-8C2C-4435-A6BD-0FFB5C2A21C7}.Release|Any CPU.ActiveCfg = Release|Any CPU
		{5AFC67D2-8C2C-4435-A6BD-0FFB5C2A21C7}.Release|Any CPU.Build.0 = Release|Any CPU
		{5AFC67D2-8C2C-4435-A6BD-0FFB5C2A21C7}.Release|x64.ActiveCfg = Release|Any CPU
		{5AFC67D2-8C2C-4435-A6BD-0FFB5C2A21C7}.Release|x64.Build.0 = Release|Any CPU
		{5AFC67D2-8C2C-4435-A6BD-0FFB5C2A21C7}.Release|x86.ActiveCfg = Release|Any CPU
		{5AFC67D2-8C2C-4435-A6BD-0FFB5C2A21C7}.Release|x86.Build.0 = Release|Any CPU
	EndGlobalSection
	GlobalSection(SolutionProperties) = preSolution
		HideSolutionNode = FALSE
	EndGlobalSection
	GlobalSection(ExtensibilityGlobals) = postSolution
		SolutionGuid = {0AF174AB-2BBF-408F-AE42-266088ECD1FA}
	EndGlobalSection
EndGlobal
